
Microsoft Visual Studio Solution File, Format Version 11.00
# Visual Studio 2010
Project("{8BC9CEB8-8B4A-11D0-8D11-00A0C91BC942}") = "DynLoad", "DynLoad\DynLoad.vcxproj", "{70BA2252-7513-9B07-E60F-A335CB9CA5CA}"
EndProject
Project("{8BC9CEB8-8B4A-11D0-8D11-00A0C91BC942}") = "MultiModules", "MultiModules\MultiModules.vcxproj", "{DB5C0457-B42F-FA53-0E2A-60CAEC235C77}"
EndProject
Project("{8BC9CEB8-8B4A-11D0-8D11-00A0C91BC942}") = "ReadData", "ReadData\ReadData.vcxproj", "{758D56C5-E977-3719-109F-0B8A1ADF3BFF}"
EndProject
Project("{8BC9CEB8-8B4A-11D0-8D11-00A0C91BC942}") = "LusbApiCppWrapper", "LusbApiCppWrapper\LusbApiCppWrapper.vcxproj", "{11EF6C39-C965-42A6-95AF-5C2B2706EBB4}"
EndProject
Project("{FAE04EC0-301F-11D3-BF4B-00C04F79EFBC}") = "LusbApiSharpWrapper", "LusbApiSharpWrapper\LusbApiSharpWrapper.csproj", "{3CD75B22-EEAB-4F81-AEC9-8D0AC465352A}"
EndProject
Global
	GlobalSection(SolutionConfigurationPlatforms) = preSolution
		Debug|Mixed Platforms = Debug|Mixed Platforms
		Debug|Win32 = Debug|Win32
		Debug|x86 = Debug|x86
		Release|Mixed Platforms = Release|Mixed Platforms
		Release|Win32 = Release|Win32
		Release|x86 = Release|x86
		Template|Mixed Platforms = Template|Mixed Platforms
		Template|Win32 = Template|Win32
		Template|x86 = Template|x86
	EndGlobalSection
	GlobalSection(ProjectConfigurationPlatforms) = postSolution
		{70BA2252-7513-9B07-E60F-A335CB9CA5CA}.Debug|Mixed Platforms.ActiveCfg = Debug|Win32
		{70BA2252-7513-9B07-E60F-A335CB9CA5CA}.Debug|Mixed Platforms.Build.0 = Debug|Win32
		{70BA2252-7513-9B07-E60F-A335CB9CA5CA}.Debug|Win32.ActiveCfg = Debug|Win32
		{70BA2252-7513-9B07-E60F-A335CB9CA5CA}.Debug|Win32.Build.0 = Debug|Win32
		{70BA2252-7513-9B07-E60F-A335CB9CA5CA}.Debug|x86.ActiveCfg = Debug|Win32
		{70BA2252-7513-9B07-E60F-A335CB9CA5CA}.Release|Mixed Platforms.ActiveCfg = Release|Win32
		{70BA2252-7513-9B07-E60F-A335CB9CA5CA}.Release|Mixed Platforms.Build.0 = Release|Win32
		{70BA2252-7513-9B07-E60F-A335CB9CA5CA}.Release|Win32.ActiveCfg = Release|Win32
		{70BA2252-7513-9B07-E60F-A335CB9CA5CA}.Release|Win32.Build.0 = Release|Win32
		{70BA2252-7513-9B07-E60F-A335CB9CA5CA}.Release|x86.ActiveCfg = Release|Win32
		{70BA2252-7513-9B07-E60F-A335CB9CA5CA}.Template|Mixed Platforms.ActiveCfg = Release|Win32
		{70BA2252-7513-9B07-E60F-A335CB9CA5CA}.Template|Mixed Platforms.Build.0 = Release|Win32
		{70BA2252-7513-9B07-E60F-A335CB9CA5CA}.Template|Win32.ActiveCfg = Release|Win32
		{70BA2252-7513-9B07-E60F-A335CB9CA5CA}.Template|Win32.Build.0 = Release|Win32
		{70BA2252-7513-9B07-E60F-A335CB9CA5CA}.Template|x86.ActiveCfg = Release|Win32
		{DB5C0457-B42F-FA53-0E2A-60CAEC235C77}.Debug|Mixed Platforms.ActiveCfg = Debug|Win32
		{DB5C0457-B42F-FA53-0E2A-60CAEC235C77}.Debug|Mixed Platforms.Build.0 = Debug|Win32
		{DB5C0457-B42F-FA53-0E2A-60CAEC235C77}.Debug|Win32.ActiveCfg = Debug|Win32
		{DB5C0457-B42F-FA53-0E2A-60CAEC235C77}.Debug|Win32.Build.0 = Debug|Win32
		{DB5C0457-B42F-FA53-0E2A-60CAEC235C77}.Debug|x86.ActiveCfg = Debug|Win32
		{DB5C0457-B42F-FA53-0E2A-60CAEC235C77}.Release|Mixed Platforms.ActiveCfg = Release|Win32
		{DB5C0457-B42F-FA53-0E2A-60CAEC235C77}.Release|Mixed Platforms.Build.0 = Release|Win32
		{DB5C0457-B42F-FA53-0E2A-60CAEC235C77}.Release|Win32.ActiveCfg = Release|Win32
		{DB5C0457-B42F-FA53-0E2A-60CAEC235C77}.Release|Win32.Build.0 = Release|Win32
		{DB5C0457-B42F-FA53-0E2A-60CAEC235C77}.Release|x86.ActiveCfg = Release|Win32
		{DB5C0457-B42F-FA53-0E2A-60CAEC235C77}.Template|Mixed Platforms.ActiveCfg = Template|Win32
		{DB5C0457-B42F-FA53-0E2A-60CAEC235C77}.Template|Mixed Platforms.Build.0 = Template|Win32
		{DB5C0457-B42F-FA53-0E2A-60CAEC235C77}.Template|Win32.ActiveCfg = Template|Win32
		{DB5C0457-B42F-FA53-0E2A-60CAEC235C77}.Template|Win32.Build.0 = Template|Win32
		{DB5C0457-B42F-FA53-0E2A-60CAEC235C77}.Template|x86.ActiveCfg = Template|Win32
		{758D56C5-E977-3719-109F-0B8A1ADF3BFF}.Debug|Mixed Platforms.ActiveCfg = Debug|Win32
		{758D56C5-E977-3719-109F-0B8A1ADF3BFF}.Debug|Mixed Platforms.Build.0 = Debug|Win32
		{758D56C5-E977-3719-109F-0B8A1ADF3BFF}.Debug|Win32.ActiveCfg = Debug|Win32
		{758D56C5-E977-3719-109F-0B8A1ADF3BFF}.Debug|Win32.Build.0 = Debug|Win32
		{758D56C5-E977-3719-109F-0B8A1ADF3BFF}.Debug|x86.ActiveCfg = Debug|Win32
		{758D56C5-E977-3719-109F-0B8A1ADF3BFF}.Release|Mixed Platforms.ActiveCfg = Release|Win32
		{758D56C5-E977-3719-109F-0B8A1ADF3BFF}.Release|Mixed Platforms.Build.0 = Release|Win32
		{758D56C5-E977-3719-109F-0B8A1ADF3BFF}.Release|Win32.ActiveCfg = Release|Win32
		{758D56C5-E977-3719-109F-0B8A1ADF3BFF}.Release|Win32.Build.0 = Release|Win32
		{758D56C5-E977-3719-109F-0B8A1ADF3BFF}.Release|x86.ActiveCfg = Release|Win32
		{758D56C5-E977-3719-109F-0B8A1ADF3BFF}.Template|Mixed Platforms.ActiveCfg = Template|Win32
		{758D56C5-E977-3719-109F-0B8A1ADF3BFF}.Template|Mixed Platforms.Build.0 = Template|Win32
		{758D56C5-E977-3719-109F-0B8A1ADF3BFF}.Template|Win32.ActiveCfg = Template|Win32
		{758D56C5-E977-3719-109F-0B8A1ADF3BFF}.Template|Win32.Build.0 = Template|Win32
		{758D56C5-E977-3719-109F-0B8A1ADF3BFF}.Template|x86.ActiveCfg = Template|Win32
		{11EF6C39-C965-42A6-95AF-5C2B2706EBB4}.Debug|Mixed Platforms.ActiveCfg = Debug|Win32
		{11EF6C39-C965-42A6-95AF-5C2B2706EBB4}.Debug|Mixed Platforms.Build.0 = Debug|Win32
		{11EF6C39-C965-42A6-95AF-5C2B2706EBB4}.Debug|Win32.ActiveCfg = Debug|Win32
		{11EF6C39-C965-42A6-95AF-5C2B2706EBB4}.Debug|Win32.Build.0 = Debug|Win32
		{11EF6C39-C965-42A6-95AF-5C2B2706EBB4}.Debug|x86.ActiveCfg = Debug|Win32
		{11EF6C39-C965-42A6-95AF-5C2B2706EBB4}.Release|Mixed Platforms.ActiveCfg = Release|Win32
		{11EF6C39-C965-42A6-95AF-5C2B2706EBB4}.Release|Mixed Platforms.Build.0 = Release|Win32
		{11EF6C39-C965-42A6-95AF-5C2B2706EBB4}.Release|Win32.ActiveCfg = Release|Win32
		{11EF6C39-C965-42A6-95AF-5C2B2706EBB4}.Release|Win32.Build.0 = Release|Win32
		{11EF6C39-C965-42A6-95AF-5C2B2706EBB4}.Release|x86.ActiveCfg = Release|Win32
		{11EF6C39-C965-42A6-95AF-5C2B2706EBB4}.Template|Mixed Platforms.ActiveCfg = Release|Win32
		{11EF6C39-C965-42A6-95AF-5C2B2706EBB4}.Template|Mixed Platforms.Build.0 = Release|Win32
		{11EF6C39-C965-42A6-95AF-5C2B2706EBB4}.Template|Win32.ActiveCfg = Release|Win32
		{11EF6C39-C965-42A6-95AF-5C2B2706EBB4}.Template|Win32.Build.0 = Release|Win32
		{11EF6C39-C965-42A6-95AF-5C2B2706EBB4}.Template|x86.ActiveCfg = Release|Win32
		{3CD75B22-EEAB-4F81-AEC9-8D0AC465352A}.Debug|Mixed Platforms.ActiveCfg = Debug|x86
		{3CD75B22-EEAB-4F81-AEC9-8D0AC465352A}.Debug|Mixed Platforms.Build.0 = Debug|x86
		{3CD75B22-EEAB-4F81-AEC9-8D0AC465352A}.Debug|Win32.ActiveCfg = Debug|x86
		{3CD75B22-EEAB-4F81-AEC9-8D0AC465352A}.Debug|x86.ActiveCfg = Debug|x86
		{3CD75B22-EEAB-4F81-AEC9-8D0AC465352A}.Debug|x86.Build.0 = Debug|x86
		{3CD75B22-EEAB-4F81-AEC9-8D0AC465352A}.Release|Mixed Platforms.ActiveCfg = Release|x86
		{3CD75B22-EEAB-4F81-AEC9-8D0AC465352A}.Release|Mixed Platforms.Build.0 = Release|x86
		{3CD75B22-EEAB-4F81-AEC9-8D0AC465352A}.Release|Win32.ActiveCfg = Release|x86
		{3CD75B22-EEAB-4F81-AEC9-8D0AC465352A}.Release|x86.ActiveCfg = Release|x86
		{3CD75B22-EEAB-4F81-AEC9-8D0AC465352A}.Release|x86.Build.0 = Release|x86
		{3CD75B22-EEAB-4F81-AEC9-8D0AC465352A}.Template|Mixed Platforms.ActiveCfg = Release|x86
		{3CD75B22-EEAB-4F81-AEC9-8D0AC465352A}.Template|Mixed Platforms.Build.0 = Release|x86
		{3CD75B22-EEAB-4F81-AEC9-8D0AC465352A}.Template|Win32.ActiveCfg = Release|x86
		{3CD75B22-EEAB-4F81-AEC9-8D0AC465352A}.Template|x86.ActiveCfg = Release|x86
		{3CD75B22-EEAB-4F81-AEC9-8D0AC465352A}.Template|x86.Build.0 = Release|x86
	EndGlobalSection
	GlobalSection(SolutionProperties) = preSolution
		HideSolutionNode = FALSE
	EndGlobalSection
EndGlobal
